
Microsoft Visual Studio Solution File, Format Version 12.00
# Visual Studio Version 17
VisualStudioVersion = 17.9.34701.34
MinimumVisualStudioVersion = 10.0.40219.1
Project("{FAE04EC0-301F-11D3-BF4B-00C04F79EFBC}") = "epay_denomination_routine", "epay_denomination_routine\epay_denomination_routine.csproj", "{07801805-DE49-4BD7-8F87-C4032DC8710D}"
EndProject
Global
	GlobalSection(SolutionConfigurationPlatforms) = preSolution
		Debug|Any CPU = Debug|Any CPU
		Release|Any CPU = Release|Any CPU
	EndGlobalSection
	GlobalSection(ProjectConfigurationPlatforms) = postSolution
		{07801805-DE49-4BD7-8F87-C4032DC8710D}.Debug|Any CPU.ActiveCfg = Debug|Any CPU
		{07801805-DE49-4BD7-8F87-C4032DC8710D}.Debug|Any CPU.Build.0 = Debug|Any CPU
		{07801805-DE49-4BD7-8F87-C4032DC8710D}.Release|Any CPU.ActiveCfg = Release|Any CPU
		{07801805-DE49-4BD7-8F87-C4032DC8710D}.Release|Any CPU.Build.0 = Release|Any CPU
	EndGlobalSection
	GlobalSection(SolutionProperties) = preSolution
		HideSolutionNode = FALSE
	EndGlobalSection
	GlobalSection(ExtensibilityGlobals) = postSolution
		SolutionGuid = {DEDE12C7-D117-490A-8C72-EDE067E8EA12}
	EndGlobalSection
EndGlobal
